{
  "name": "poker-tourney-master",
  "version": "0.1.0",
  "lockfileVersion": 3,
  "requires": true,
  "packages": {
    "": {
      "name": "poker-tourney-master",
      "version": "0.1.0",
      "dependencies": {
        "@hookform/resolvers": "^3.9.0",
        "@radix-ui/react-accordion": "^1.2.0",
        "@radix-ui/react-alert-dialog": "^1.1.1",
        "@radix-ui/react-aspect-ratio": "^1.1.0",
        "@radix-ui/react-avatar": "^1.1.0",
        "@radix-ui/react-checkbox": "^1.1.1",
        "@radix-ui/react-collapsible": "^1.1.0",
        "@radix-ui/react-context-menu": "^2.2.1",
        "@radix-ui/react-dialog": "^1.1.2",
        "@radix-ui/react-dropdown-menu": "^2.1.1",
        "@radix-ui/react-hover-card": "^1.1.1",
        "@radix-ui/react-label": "^2.1.0",
        "@radix-ui/react-menubar": "^1.1.1",
        "@radix-ui/react-navigation-menu": "^1.2.0",
        "@radix-ui/react-popover": "^1.1.1",
        "@radix-ui/react-progress": "^1.1.0",
        "@radix-ui/react-radio-group": "^1.2.0",
        "@radix-ui/react-scroll-area": "^1.1.0",
        "@radix-ui/react-select": "^2.1.1",
        "@radix-ui/react-separator": "^1.1.0",
        "@radix-ui/react-slider": "^1.2.0",
        "@radix-ui/react-slot": "^1.1.0",
        "@radix-ui/react-switch": "^1.1.0",
        "@radix-ui/react-tabs": "^1.1.0",
        "@radix-ui/react-toast": "^1.2.1",
        "@radix-ui/react-toggle": "^1.1.0",
        "@radix-ui/react-toggle-group": "^1.1.0",
        "@radix-ui/react-tooltip": "^1.1.4",
        "@supabase/supabase-js": "^2.49.3",
        "@tanstack/react-query": "^5.56.2",
        "class-variance-authority": "^0.7.1",
        "clsx": "^2.1.1",
        "cmdk": "^1.0.0",
        "date-fns": "^3.6.0",
        "embla-carousel-react": "^8.3.0",
        "input-otp": "^1.2.4",
        "lucide-react": "^0.462.0",
        "next-themes": "^0.3.0",
        "react": "^18.3.1",
        "react-day-picker": "^8.10.1",
        "react-dom": "^18.3.1",
        "react-hook-form": "^7.53.0",
        "react-resizable-panels": "^2.1.3",
        "react-router-dom": "^6.26.2",
        "recharts": "^2.12.7",
        "sonner": "^1.5.0",
        "tailwind-merge": "^2.5.2",
        "tailwindcss-animate": "^1.0.7",
        "tree": "^0.1.3",
        "uuid": "^11.1.0",
        "vaul": "^0.9.3",
        "zod": "^3.23.8"
      },
      "devDependencies": {
        "@eslint/js": "^9.9.0",
        "@tailwindcss/typography": "^0.5.15",
        "@types/node": "^22.5.5",
        "@types/react": "^18.3.3",
        "@types/react-dom": "^18.3.0",
        "@vitejs/plugin-react-swc": "^3.5.0",
        "autoprefixer": "^10.4.21",
        "eslint": "^9.9.0",
        "eslint-plugin-react-hooks": "^5.1.0-rc.0",
        "eslint-plugin-react-refresh": "^0.4.9",
        "gh-pages": "^6.3.0",
        "globals": "^15.9.0",
        "lovable-tagger": "^1.1.7",
        "postcss": "^8.5.3",
        "tailwindcss": "^3.4.17",
        "typescript": "^5.5.3",
        "typescript-eslint": "^8.0.1",
        "vite": "^5.4.1"
      }
    },
    "node_modules/@alloc/quick-lru": {
      "version": "5.2.0",
      "resolved": "https://registry.npmjs.org/@alloc/quick-lru/-/quick-lru-5.2.0.tgz",
      "integrity": "sha512-UrcABB+4bUrFABwbluTIBErXwvbsU/V7TZWfmbgJfbkwiBuziS9gxdODUyuiecfdGQ85jglMW6juS3+z5TsKLw==",
      "dev": true,
      "license": "MIT",
      "engines": {
        "node": ">=10"
      },
      "funding": {
        "url": "https://github.com/sponsors/sindresorhus"
      }
    },
    "node_modules/@babel/helper-string-parser": {
      "version": "7.25.9",
      "resolved": "https://registry.npmjs.org/@babel/helper-string-parser/-/helper-string-parser-7.25.9.tgz",
      "integrity": "sha512-4A/SCr/2KLd5jrtOMFzaKjVtAei3+2r/NChoBNoZ3EyP/+GlhoaEGoWOZUmFmoITP7zOJyHIMm+DYRd8o3PvHA==",
      "dev": true,
      "license": "MIT",
      "engines": {
        "node": ">=6.9.0"
      }
    },
    "node_modules/@babel/helper-validator-identifier": {
      "version": "7.25.9",
      "resolved": "https://registry.npmjs.org/@babel/helper-validator-identifier/-/helper-validator-identifier-7.25.9.tgz",
      "integrity": "sha512-Ed61U6XJc3CVRfkERJWDz4dJwKe7iLmmJsbOGu9wSloNSFttHV0I8g6UAgb7qnK5ly5bGLPd4oXZlxCdANBOWQ==",
      "dev": true,
      "license": "MIT",
      "engines": {
        "node": ">=6.9.0"
      }
    },
    "node_modules/@babel/parser": {
      "version": "7.25.9",
      "resolved": "https://registry.npmjs.org/@babel/parser/-/parser-7.25.9.tgz",
      "integrity": "sha512-aI3jjAAO1fh7vY/pBGsn1i9LDbRP43+asrRlkPuTXW5yHXtd1NgTEMudbBoDDxrf1daEEfPJqR+JBMakzrR4Dg==",
      "dev": true,
      "license": "MIT",
      "dependencies": {
        "@babel/types": "^7.25.9"
      },
      "bin": {
        "parser": "bin/babel-parser.js"
      },
      "engines": {
        "node": ">=6.0.0"
      }
    },
    "node_modules/@babel/runtime": {
      "version": "7.25.9",
      "resolved": "https://registry.npmjs.org/@babel/runtime/-/runtime-7.25.9.tgz",
      "integrity": "sha512-4zpTHZ9Cm6L9L+uIqghQX8ZXg8HKFcjYO3qHoO8zTmRm6HQUJ8SSJ+KRvbMBZn0EGVlT4DRYeQ/6hjlyXBh+Kg==",
      "license": "MIT",
      "dependencies": {
        "regenerator-runtime": "^0.14.0"
      },
      "engines": {
        "node": ">=6.9.0"
      }
    },
    "node_modules/@babel/types": {
      "version": "7.25.9",
      "resolved": "https://registry.npmjs.org/@babel/types/-/types-7.25.9.tgz",
      "integrity": "sha512-OwS2CM5KocvQ/k7dFJa8i5bNGJP0hXWfVCfDkqRFP1IreH1JDC7wG6eCYCi0+McbfT8OR/kNqsI0UU0xP9H6PQ==",
      "dev": true,
      "license": "MIT",
      "dependencies": {
        "@babel/helper-string-parser": "^7.25.9",
        "@babel/helper-validator-identifier": "^7.25.9"
      },
      "engines": {
        "node": ">=6.9.0"
      }
    },
    "node_modules/@eslint/plugin-kit": {
      "version": "0.2.3",
      "resolved": "https://registry.npmjs.org/@eslint/plugin-kit/-/plugin-kit-0.2.3.tgz",
      "integrity": "sha512-2b/g5hRmpbb1o4GnTZax9N9m0FXzz9OV42ZzI4rDDMDuHUqigAiQCEWChBWCY4ztAGVRjoWT19v0yMmc5/L5kA==",
      "dev": true,
      "dependencies": {
        "levn": "^0.4.1"
      },
      "engines": {
        "node": "^18.18.0 || ^20.9.0 || >=21.1.0"
      }
    },
    "node_modules/tree": {
      "version": "0.1.3",
      "resolved": "https://registry.npmjs.org/tree/-/tree-0.1.3.tgz",
      "integrity": "sha512-Ivzs8BGRW8kWt7V6hD2yJC0028eUkaLWfPcbhcA/1jitHQJReZRQ2x8zqf4MtU+cNNkFYnadqg7AWzMMvrW9vA==",
      "dependencies": {
        "underscore": ""
      }
    },
    "node_modules/underscore": {
      "version": "1.13.7",
      "resolved": "https://registry.npmjs.org/underscore/-/underscore-1.13.7.tgz",
      "integrity": "sha512-GMXzWtsc57XAtguZgaQViUOzs0KTkk8ojr3/xAxXLITqf/3EMwxC0inyETfDFjH/Krbhuep0HNbbjI9i/q3F3g==",
      "license": "MIT"
    },
    "node_modules/uuid": {
      "version": "11.1.0",
      "resolved": "https://registry.npmjs.org/uuid/-/uuid-11.1.0.tgz",
      "integrity": "sha512-0/A9rDy9P7cJ+8w1c9WD9V//9Wj15Ce2MPz8Ri6032usz+NfePxx5AcN3bN+r6ZL6jEo066/yNYB3tn4pQEx+A==",
      "funding": [
        "https://github.com/sponsors/broofa",
        "https://github.com/sponsors/ctavan"
      ],
      "license": "MIT",
      "bin": {
        "uuid": "dist/esm/bin/uuid"
      }
    },
    "node_modules/zod": {
      "version": "3.23.8",
      "resolved": "https://registry.npmjs.org/zod/-/zod-3.23.8.tgz",
      "integrity": "sha512-XBx9AXhXktjUqnepgTiE5flcKIYWi/rme0Eaj+5Y0lftuGBq+jyRu/md4WnuxqgP1ubdpNCsYEYPxrzVHD8d6g==",
      "license": "MIT",
      "funding": {
        "url": "https://github.com/sponsors/colinhacks"
      }
    }
  }
}